
Microsoft Visual Studio Solution File, Format Version 12.00
# Visual Studio Version 16
VisualStudioVersion = 16.0.29613.14
MinimumVisualStudioVersion = 10.0.40219.1
Project("{FAE04EC0-301F-11D3-BF4B-00C04F79EFBC}") = "VoiceСhanging", "VoiceСhanging.csproj", "{DEAE73D8-3D55-473F-B0F6-DDC980E34A84}"
EndProject
Global
	GlobalSection(SolutionConfigurationPlatforms) = preSolution
		Debug|Any CPU = Debug|Any CPU
		Release|Any CPU = Release|Any CPU
	EndGlobalSection
	GlobalSection(ProjectConfigurationPlatforms) = postSolution
		{DEAE73D8-3D55-473F-B0F6-DDC980E34A84}.Debug|Any CPU.ActiveCfg = Debug|Any CPU
		{DEAE73D8-3D55-473F-B0F6-DDC980E34A84}.Debug|Any CPU.Build.0 = Debug|Any CPU
		{DEAE73D8-3D55-473F-B0F6-DDC980E34A84}.Release|Any CPU.ActiveCfg = Release|Any CPU
		{DEAE73D8-3D55-473F-B0F6-DDC980E34A84}.Release|Any CPU.Build.0 = Release|Any CPU
	EndGlobalSection
	GlobalSection(SolutionProperties) = preSolution
		HideSolutionNode = FALSE
	EndGlobalSection
	GlobalSection(ExtensibilityGlobals) = postSolution
		SolutionGuid = {EFAC4D2B-E6FC-43E3-AF28-7B706B0634F2}
	EndGlobalSection
EndGlobal
